// !$*UTF8*$!
{
	archiveVersion = 1;
	classes = {
	};
	objectVersion = 46;
	objects = {

/* Begin PBXBuildFile section */
		BEEA767F512051446F5668E5 /* Pods_FastMath.framework in Frameworks */ = {isa = PBXBuildFile; fileRef = E6B788BB9E533F7D82DE0663 /* Pods_FastMath.framework */; };
		C63398FB1D21A941004ED3A5 /* AppDelegate.swift in Sources */ = {isa = PBXBuildFile; fileRef = C63398FA1D21A941004ED3A5 /* AppDelegate.swift */; };
		C63398FD1D21A941004ED3A5 /* FastMathViewController.swift in Sources */ = {isa = PBXBuildFile; fileRef = C63398FC1D21A941004ED3A5 /* FastMathViewController.swift */; };
		C63399001D21A941004ED3A5 /* Main.storyboard in Resources */ = {isa = PBXBuildFile; fileRef = C63398FE1D21A941004ED3A5 /* Main.storyboard */; };
		C63399021D21A941004ED3A5 /* Assets.xcassets in Resources */ = {isa = PBXBuildFile; fileRef = C63399011D21A941004ED3A5 /* Assets.xcassets */; };
		C63399051D21A941004ED3A5 /* LaunchScreen.storyboard in Resources */ = {isa = PBXBuildFile; fileRef = C63399031D21A941004ED3A5 /* LaunchScreen.storyboard */; };
		C63399101D21A941004ED3A5 /* FastMathTests.swift in Sources */ = {isa = PBXBuildFile; fileRef = C633990F1D21A941004ED3A5 /* FastMathTests.swift */; };
		C633991B1D21A941004ED3A5 /* FastMathUITests.swift in Sources */ = {isa = PBXBuildFile; fileRef = C633991A1D21A941004ED3A5 /* FastMathUITests.swift */; };
		C63399291D21B4B4004ED3A5 /* GoogleService-Info.plist in Resources */ = {isa = PBXBuildFile; fileRef = C63399281D21B4B4004ED3A5 /* GoogleService-Info.plist */; };
		C633992E1D221AED004ED3A5 /* MathProblem.swift in Sources */ = {isa = PBXBuildFile; fileRef = C633992D1D221AED004ED3A5 /* MathProblem.swift */; };
/* End PBXBuildFile section */

/* Begin PBXContainerItemProxy section */
		C633990C1D21A941004ED3A5 /* PBXContainerItemProxy */ = {
			isa = PBXContainerItemProxy;
			containerPortal = C63398EF1D21A940004ED3A5 /* Project object */;
			proxyType = 1;
			remoteGlobalIDString = C63398F61D21A940004ED3A5;
			remoteInfo = FastMath;
		};
		C63399171D21A941004ED3A5 /* PBXContainerItemProxy */ = {
			isa = PBXContainerItemProxy;
			containerPortal = C63398EF1D21A940004ED3A5 /* Project object */;
			proxyType = 1;
			remoteGlobalIDString = C63398F61D21A940004ED3A5;
			remoteInfo = FastMath;
		};
/* End PBXContainerItemProxy section */

/* Begin PBXFileReference section */
		2339C638AC635DAB59DA405F /* Pods-FastMath.debug.xcconfig */ = {isa = PBXFileReference; includeInIndex = 1; lastKnownFileType = text.xcconfig; name = "Pods-FastMath.debug.xcconfig"; path = "Pods/Target Support Files/Pods-FastMath/Pods-FastMath.debug.xcconfig"; sourceTree = "<group>"; };
		2CAEBA8562DF6985A67DE856 /* Pods-FastMath.release.xcconfig */ = {isa = PBXFileReference; includeInIndex = 1; lastKnownFileType = text.xcconfig; name = "Pods-FastMath.release.xcconfig"; path = "Pods/Target Support Files/Pods-FastMath/Pods-FastMath.release.xcconfig"; sourceTree = "<group>"; };
		C63398F71D21A940004ED3A5 /* FastMath.app */ = {isa = PBXFileReference; explicitFileType = wrapper.application; includeInIndex = 0; path = FastMath.app; sourceTree = BUILT_PRODUCTS_DIR; };
		C63398FA1D21A941004ED3A5 /* AppDelegate.swift */ = {isa = PBXFileReference; lastKnownFileType = sourcecode.swift; path = AppDelegate.swift; sourceTree = "<group>"; };
		C63398FC1D21A941004ED3A5 /* FastMathViewController.swift */ = {isa = PBXFileReference; lastKnownFileType = sourcecode.swift; path = FastMathViewController.swift; sourceTree = "<group>"; };
		C63398FF1D21A941004ED3A5 /* Base */ = {isa = PBXFileReference; lastKnownFileType = file.storyboard; name = Base; path = Base.lproj/Main.storyboard; sourceTree = "<group>"; };
		C63399011D21A941004ED3A5 /* Assets.xcassets */ = {isa = PBXFileReference; lastKnownFileType = folder.assetcatalog; path = Assets.xcassets; sourceTree = "<group>"; };
		C63399041D21A941004ED3A5 /* Base */ = {isa = PBXFileReference; lastKnownFileType = file.storyboard; name = Base; path = Base.lproj/LaunchScreen.storyboard; sourceTree = "<group>"; };
		C63399061D21A941004ED3A5 /* Info.plist */ = {isa = PBXFileReference; lastKnownFileType = text.plist.xml; path = Info.plist; sourceTree = "<group>"; };
		C633990B1D21A941004ED3A5 /* FastMathTests.xctest */ = {isa = PBXFileReference; explicitFileType = wrapper.cfbundle; includeInIndex = 0; path = FastMathTests.xctest; sourceTree = BUILT_PRODUCTS_DIR; };
		C633990F1D21A941004ED3A5 /* FastMathTests.swift */ = {isa = PBXFileReference; lastKnownFileType = sourcecode.swift; path = FastMathTests.swift; sourceTree = "<group>"; };
		C63399111D21A941004ED3A5 /* Info.plist */ = {isa = PBXFileReference; lastKnownFileType = text.plist.xml; path = Info.plist; sourceTree = "<group>"; };
		C63399161D21A941004ED3A5 /* FastMathUITests.xctest */ = {isa = PBXFileReference; explicitFileType = wrapper.cfbundle; includeInIndex = 0; path = FastMathUITests.xctest; sourceTree = BUILT_PRODUCTS_DIR; };
		C633991A1D21A941004ED3A5 /* FastMathUITests.swift */ = {isa = PBXFileReference; lastKnownFileType = sourcecode.swift; path = FastMathUITests.swift; sourceTree = "<group>"; };
		C633991C1D21A941004ED3A5 /* Info.plist */ = {isa = PBXFileReference; lastKnownFileType = text.plist.xml; path = Info.plist; sourceTree = "<group>"; };
		C63399281D21B4B4004ED3A5 /* GoogleService-Info.plist */ = {isa = PBXFileReference; fileEncoding = 4; lastKnownFileType = text.plist.xml; path = "GoogleService-Info.plist"; sourceTree = "<group>"; };
		C633992D1D221AED004ED3A5 /* MathProblem.swift */ = {isa = PBXFileReference; fileEncoding = 4; lastKnownFileType = sourcecode.swift; path = MathProblem.swift; sourceTree = "<group>"; };
		E6B788BB9E533F7D82DE0663 /* Pods_FastMath.framework */ = {isa = PBXFileReference; explicitFileType = wrapper.framework; includeInIndex = 0; path = Pods_FastMath.framework; sourceTree = BUILT_PRODUCTS_DIR; };
/* End PBXFileReference section */

/* Begin PBXFrameworksBuildPhase section */
		C63398F41D21A940004ED3A5 /* Frameworks */ = {
			isa = PBXFrameworksBuildPhase;
			buildActionMask = 2147483647;
			files = (
				BEEA767F512051446F5668E5 /* Pods_FastMath.framework in Frameworks */,
			);
			runOnlyForDeploymentPostprocessing = 0;
		};
		C63399081D21A941004ED3A5 /* Frameworks */ = {
			isa = PBXFrameworksBuildPhase;
			buildActionMask = 2147483647;
			files = (
			);
			runOnlyForDeploymentPostprocessing = 0;
		};
		C63399131D21A941004ED3A5 /* Frameworks */ = {
			isa = PBXFrameworksBuildPhase;
			buildActionMask = 2147483647;
			files = (
			);
			runOnlyForDeploymentPostprocessing = 0;
		};
/* End PBXFrameworksBuildPhase section */

/* Begin PBXGroup section */
		8EC03CE1FD5A8043BD001AC5 /* Frameworks */ = {
			isa = PBXGroup;
			children = (
				E6B788BB9E533F7D82DE0663 /* Pods_FastMath.framework */,
			);
			name = Frameworks;
			sourceTree = "<group>";
		};
		B1BC7021A6EFEE5A94AEE843 /* Pods */ = {
			isa = PBXGroup;
			children = (
				2339C638AC635DAB59DA405F /* Pods-FastMath.debug.xcconfig */,
				2CAEBA8562DF6985A67DE856 /* Pods-FastMath.release.xcconfig */,
			);
			name = Pods;
			sourceTree = "<group>";
		};
		C63398EE1D21A940004ED3A5 = {
			isa = PBXGroup;
			children = (
				C63398F91D21A941004ED3A5 /* FastMath */,
				C633990E1D21A941004ED3A5 /* FastMathTests */,
				C63399191D21A941004ED3A5 /* FastMathUITests */,
				C63398F81D21A940004ED3A5 /* Products */,
				B1BC7021A6EFEE5A94AEE843 /* Pods */,
				8EC03CE1FD5A8043BD001AC5 /* Frameworks */,
			);
			sourceTree = "<group>";
		};
		C63398F81D21A940004ED3A5 /* Products */ = {
			isa = PBXGroup;
			children = (
				C63398F71D21A940004ED3A5 /* FastMath.app */,
				C633990B1D21A941004ED3A5 /* FastMathTests.xctest */,
				C63399161D21A941004ED3A5 /* FastMathUITests.xctest */,
			);
			name = Products;
			sourceTree = "<group>";
		};
		C63398F91D21A941004ED3A5 /* FastMath */ = {
			isa = PBXGroup;
			children = (
				C633992D1D221AED004ED3A5 /* MathProblem.swift */,
				C63398FC1D21A941004ED3A5 /* FastMathViewController.swift */,
				C63398FE1D21A941004ED3A5 /* Main.storyboard */,
				C633992A1D21B6F1004ED3A5 /* Supporting Files */,
			);
			path = FastMath;
			sourceTree = "<group>";
		};
		C633990E1D21A941004ED3A5 /* FastMathTests */ = {
			isa = PBXGroup;
			children = (
				C633990F1D21A941004ED3A5 /* FastMathTests.swift */,
				C63399111D21A941004ED3A5 /* Info.plist */,
			);
			path = FastMathTests;
			sourceTree = "<group>";
		};
		C63399191D21A941004ED3A5 /* FastMathUITests */ = {
			isa = PBXGroup;
			children = (
				C633991A1D21A941004ED3A5 /* FastMathUITests.swift */,
				C633991C1D21A941004ED3A5 /* Info.plist */,
			);
			path = FastMathUITests;
			sourceTree = "<group>";
		};
		C633992A1D21B6F1004ED3A5 /* Supporting Files */ = {
			isa = PBXGroup;
			children = (
				C63398FA1D21A941004ED3A5 /* AppDelegate.swift */,
				C63399011D21A941004ED3A5 /* Assets.xcassets */,
				C63399031D21A941004ED3A5 /* LaunchScreen.storyboard */,
				C63399061D21A941004ED3A5 /* Info.plist */,
				C63399281D21B4B4004ED3A5 /* GoogleService-Info.plist */,
			);
			name = "Supporting Files";
			sourceTree = "<group>";
		};
/* End PBXGroup section */

/* Begin PBXNativeTarget section */
		C63398F61D21A940004ED3A5 /* FastMath */ = {
			isa = PBXNativeTarget;
			buildConfigurationList = C633991F1D21A941004ED3A5 /* Build configuration list for PBXNativeTarget "FastMath" */;
			buildPhases = (
				DFB25E04A2A58AB607DE0395 /* 📦 Check Pods Manifest.lock */,
				C63398F31D21A940004ED3A5 /* Sources */,
				C63398F41D21A940004ED3A5 /* Frameworks */,
				C63398F51D21A940004ED3A5 /* Resources */,
				7D026588ACE28D6DD16BE13D /* 📦 Embed Pods Frameworks */,
				05C64A2A9CF1DB73C5E33EDE /* 📦 Copy Pods Resources */,
			);
			buildRules = (
			);
			dependencies = (
			);
			name = FastMath;
			productName = FastMath;
			productReference = C63398F71D21A940004ED3A5 /* FastMath.app */;
			productType = "com.apple.product-type.application";
		};
		C633990A1D21A941004ED3A5 /* FastMathTests */ = {
			isa = PBXNativeTarget;
			buildConfigurationList = C63399221D21A941004ED3A5 /* Build configuration list for PBXNativeTarget "FastMathTests" */;
			buildPhases = (
				C63399071D21A941004ED3A5 /* Sources */,
				C63399081D21A941004ED3A5 /* Frameworks */,
				C63399091D21A941004ED3A5 /* Resources */,
			);
			buildRules = (
			);
			dependencies = (
				C633990D1D21A941004ED3A5 /* PBXTargetDependency */,
			);
			name = FastMathTests;
			productName = FastMathTests;
			productReference = C633990B1D21A941004ED3A5 /* FastMathTests.xctest */;
			productType = "com.apple.product-type.bundle.unit-test";
		};
		C63399151D21A941004ED3A5 /* FastMathUITests */ = {
			isa = PBXNativeTarget;
			buildConfigurationList = C63399251D21A941004ED3A5 /* Build configuration list for PBXNativeTarget "FastMathUITests" */;
			buildPhases = (
				C63399121D21A941004ED3A5 /* Sources */,
				C63399131D21A941004ED3A5 /* Frameworks */,
				C63399141D21A941004ED3A5 /* Resources */,
			);
			buildRules = (
			);
			dependencies = (
				C63399181D21A941004ED3A5 /* PBXTargetDependency */,
			);
			name = FastMathUITests;
			productName = FastMathUITests;
			productReference = C63399161D21A941004ED3A5 /* FastMathUITests.xctest */;
			productType = "com.apple.product-type.bundle.ui-testing";
		};
/* End PBXNativeTarget section */

/* Begin PBXProject section */
		C63398EF1D21A940004ED3A5 /* Project object */ = {
			isa = PBXProject;
			attributes = {
				LastSwiftUpdateCheck = 0730;
				LastUpgradeCheck = 0730;
				ORGANIZATIONNAME = "Julio Franco";
				TargetAttributes = {
					C63398F61D21A940004ED3A5 = {
						CreatedOnToolsVersion = 7.3;
					};
					C633990A1D21A941004ED3A5 = {
						CreatedOnToolsVersion = 7.3;
						TestTargetID = C63398F61D21A940004ED3A5;
					};
					C63399151D21A941004ED3A5 = {
						CreatedOnToolsVersion = 7.3;
						TestTargetID = C63398F61D21A940004ED3A5;
					};
				};
			};
			buildConfigurationList = C63398F21D21A940004ED3A5 /* Build configuration list for PBXProject "FastMath" */;
			compatibilityVersion = "Xcode 3.2";
			developmentRegion = English;
			hasScannedForEncodings = 0;
			knownRegions = (
				en,
				Base,
			);
			mainGroup = C63398EE1D21A940004ED3A5;
			productRefGroup = C63398F81D21A940004ED3A5 /* Products */;
			projectDirPath = "";
			projectRoot = "";
			targets = (
				C63398F61D21A940004ED3A5 /* FastMath */,
				C633990A1D21A941004ED3A5 /* FastMathTests */,
				C63399151D21A941004ED3A5 /* FastMathUITests */,
			);
		};
/* End PBXProject section */

/* Begin PBXResourcesBuildPhase section */
		C63398F51D21A940004ED3A5 /* Resources */ = {
			isa = PBXResourcesBuildPhase;
			buildActionMask = 2147483647;
			files = (
				C63399051D21A941004ED3A5 /* LaunchScreen.storyboard in Resources */,
				C63399291D21B4B4004ED3A5 /* GoogleService-Info.plist in Resources */,
				C63399021D21A941004ED3A5 /* Assets.xcassets in Resources */,
				C63399001D21A941004ED3A5 /* Main.storyboard in Resources */,
			);
			runOnlyForDeploymentPostprocessing = 0;
		};
		C63399091D21A941004ED3A5 /* Resources */ = {
			isa = PBXResourcesBuildPhase;
			buildActionMask = 2147483647;
			files = (
			);
			runOnlyForDeploymentPostprocessing = 0;
		};
		C63399141D21A941004ED3A5 /* Resources */ = {
			isa = PBXResourcesBuildPhase;
			buildActionMask = 2147483647;
			files = (
			);
			runOnlyForDeploymentPostprocessing = 0;
		};
/* End PBXResourcesBuildPhase section */

/* Begin PBXShellScriptBuildPhase section */
		05C64A2A9CF1DB73C5E33EDE /* 📦 Copy Pods Resources */ = {
			isa = PBXShellScriptBuildPhase;
			buildActionMask = 2147483647;
			files = (
			);
			inputPaths = (
			);
			name = "📦 Copy Pods Resources";
			outputPaths = (
			);
			runOnlyForDeploymentPostprocessing = 0;
			shellPath = /bin/sh;
			shellScript = "\"${SRCROOT}/Pods/Target Support Files/Pods-FastMath/Pods-FastMath-resources.sh\"\n";
			showEnvVarsInLog = 0;
		};
		7D026588ACE28D6DD16BE13D /* 📦 Embed Pods Frameworks */ = {
			isa = PBXShellScriptBuildPhase;
			buildActionMask = 2147483647;
			files = (
			);
			inputPaths = (
			);
			name = "📦 Embed Pods Frameworks";
			outputPaths = (
			);
			runOnlyForDeploymentPostprocessing = 0;
			shellPath = /bin/sh;
			shellScript = "\"${SRCROOT}/Pods/Target Support Files/Pods-FastMath/Pods-FastMath-frameworks.sh\"\n";
			showEnvVarsInLog = 0;
		};
		DFB25E04A2A58AB607DE0395 /* 📦 Check Pods Manifest.lock */ = {
			isa = PBXShellScriptBuildPhase;
			buildActionMask = 2147483647;
			files = (
			);
			inputPaths = (
			);
			name = "📦 Check Pods Manifest.lock";
			outputPaths = (
			);
			runOnlyForDeploymentPostprocessing = 0;
			shellPath = /bin/sh;
			shellScript = "diff \"${PODS_ROOT}/../Podfile.lock\" \"${PODS_ROOT}/Manifest.lock\" > /dev/null\nif [[ $? != 0 ]] ; then\n    cat << EOM\nerror: The sandbox is not in sync with the Podfile.lock. Run 'pod install' or update your CocoaPods installation.\nEOM\n    exit 1\nfi\n";
			showEnvVarsInLog = 0;
		};
/* End PBXShellScriptBuildPhase section */

/* Begin PBXSourcesBuildPhase section */
		C63398F31D21A940004ED3A5 /* Sources */ = {
			isa = PBXSourcesBuildPhase;
			buildActionMask = 2147483647;
			files = (
				C63398FD1D21A941004ED3A5 /* FastMathViewController.swift in Sources */,
				C633992E1D221AED004ED3A5 /* MathProblem.swift in Sources */,
				C63398FB1D21A941004ED3A5 /* AppDelegate.swift in Sources */,
			);
			runOnlyForDeploymentPostprocessing = 0;
		};
		C63399071D21A941004ED3A5 /* Sources */ = {
			isa = PBXSourcesBuildPhase;
			buildActionMask = 2147483647;
			files = (
				C63399101D21A941004ED3A5 /* FastMathTests.swift in Sources */,
			);
			runOnlyForDeploymentPostprocessing = 0;
		};
		C63399121D21A941004ED3A5 /* Sources */ = {
			isa = PBXSourcesBuildPhase;
			buildActionMask = 2147483647;
			files = (
				C633991B1D21A941004ED3A5 /* FastMathUITests.swift in Sources */,
			);
			runOnlyForDeploymentPostprocessing = 0;
		};
/* End PBXSourcesBuildPhase section */

/* Begin PBXTargetDependency section */
		C633990D1D21A941004ED3A5 /* PBXTargetDependency */ = {
			isa = PBXTargetDependency;
			target = C63398F61D21A940004ED3A5 /* FastMath */;
			targetProxy = C633990C1D21A941004ED3A5 /* PBXContainerItemProxy */;
		};
		C63399181D21A941004ED3A5 /* PBXTargetDependency */ = {
			isa = PBXTargetDependency;
			target = C63398F61D21A940004ED3A5 /* FastMath */;
			targetProxy = C63399171D21A941004ED3A5 /* PBXContainerItemProxy */;
		};
/* End PBXTargetDependency section */

/* Begin PBXVariantGroup section */
		C63398FE1D21A941004ED3A5 /* Main.storyboard */ = {
			isa = PBXVariantGroup;
			children = (
				C63398FF1D21A941004ED3A5 /* Base */,
			);
			name = Main.storyboard;
			sourceTree = "<group>";
		};
		C63399031D21A941004ED3A5 /* LaunchScreen.storyboard */ = {
			isa = PBXVariantGroup;
			children = (
				C63399041D21A941004ED3A5 /* Base */,
			);
			name = LaunchScreen.storyboard;
			sourceTree = "<group>";
		};
/* End PBXVariantGroup section */

/* Begin XCBuildConfiguration section */
		C633991D1D21A941004ED3A5 /* Debug */ = {
			isa = XCBuildConfiguration;
			buildSettings = {
				ALWAYS_SEARCH_USER_PATHS = NO;
				CLANG_ANALYZER_NONNULL = YES;
				CLANG_CXX_LANGUAGE_STANDARD = "gnu++0x";
				CLANG_CXX_LIBRARY = "libc++";
				CLANG_ENABLE_MODULES = YES;
				CLANG_ENABLE_OBJC_ARC = YES;
				CLANG_WARN_BOOL_CONVERSION = YES;
				CLANG_WARN_CONSTANT_CONVERSION = YES;
				CLANG_WARN_DIRECT_OBJC_ISA_USAGE = YES_ERROR;
				CLANG_WARN_EMPTY_BODY = YES;
				CLANG_WARN_ENUM_CONVERSION = YES;
				CLANG_WARN_INT_CONVERSION = YES;
				CLANG_WARN_OBJC_ROOT_CLASS = YES_ERROR;
				CLANG_WARN_UNREACHABLE_CODE = YES;
				CLANG_WARN__DUPLICATE_METHOD_MATCH = YES;
				"CODE_SIGN_IDENTITY[sdk=iphoneos*]" = "iPhone Developer";
				COPY_PHASE_STRIP = NO;
				DEBUG_INFORMATION_FORMAT = dwarf;
				ENABLE_STRICT_OBJC_MSGSEND = YES;
				ENABLE_TESTABILITY = YES;
				GCC_C_LANGUAGE_STANDARD = gnu99;
				GCC_DYNAMIC_NO_PIC = NO;
				GCC_NO_COMMON_BLOCKS = YES;
				GCC_OPTIMIZATION_LEVEL = 0;
				GCC_PREPROCESSOR_DEFINITIONS = (
					"DEBUG=1",
					"$(inherited)",
				);
				GCC_WARN_64_TO_32_BIT_CONVERSION = YES;
				GCC_WARN_ABOUT_RETURN_TYPE = YES_ERROR;
				GCC_WARN_UNDECLARED_SELECTOR = YES;
				GCC_WARN_UNINITIALIZED_AUTOS = YES_AGGRESSIVE;
				GCC_WARN_UNUSED_FUNCTION = YES;
				GCC_WARN_UNUSED_VARIABLE = YES;
				IPHONEOS_DEPLOYMENT_TARGET = 9.3;
				MTL_ENABLE_DEBUG_INFO = YES;
				ONLY_ACTIVE_ARCH = YES;
				SDKROOT = iphoneos;
				SWIFT_OPTIMIZATION_LEVEL = "-Onone";
			};
			name = Debug;
		};
		C633991E1D21A941004ED3A5 /* Release */ = {
			isa = XCBuildConfiguration;
			buildSettings = {
				ALWAYS_SEARCH_USER_PATHS = NO;
				CLANG_ANALYZER_NONNULL = YES;
				CLANG_CXX_LANGUAGE_STANDARD = "gnu++0x";
				CLANG_CXX_LIBRARY = "libc++";
				CLANG_ENABLE_MODULES = YES;
				CLANG_ENABLE_OBJC_ARC = YES;
				CLANG_WARN_BOOL_CONVERSION = YES;
				CLANG_WARN_CONSTANT_CONVERSION = YES;
				CLANG_WARN_DIRECT_OBJC_ISA_USAGE = YES_ERROR;
				CLANG_WARN_EMPTY_BODY = YES;
				CLANG_WARN_ENUM_CONVERSION = YES;
				CLANG_WARN_INT_CONVERSION = YES;
				CLANG_WARN_OBJC_ROOT_CLASS = YES_ERROR;
				CLANG_WARN_UNREACHABLE_CODE = YES;
				CLANG_WARN__DUPLICATE_METHOD_MATCH = YES;
				"CODE_SIGN_IDENTITY[sdk=iphoneos*]" = "iPhone Developer";
				COPY_PHASE_STRIP = NO;
				DEBUG_INFORMATION_FORMAT = "dwarf-with-dsym";
				ENABLE_NS_ASSERTIONS = NO;
				ENABLE_STRICT_OBJC_MSGSEND = YES;
				GCC_C_LANGUAGE_STANDARD = gnu99;
				GCC_NO_COMMON_BLOCKS = YES;
				GCC_WARN_64_TO_32_BIT_CONVERSION = YES;
				GCC_WARN_ABOUT_RETURN_TYPE = YES_ERROR;
				GCC_WARN_UNDECLARED_SELECTOR = YES;
				GCC_WARN_UNINITIALIZED_AUTOS = YES_AGGRESSIVE;
				GCC_WARN_UNUSED_FUNCTION = YES;
				GCC_WARN_UNUSED_VARIABLE = YES;
				IPHONEOS_DEPLOYMENT_TARGET = 9.3;
				MTL_ENABLE_DEBUG_INFO = NO;
				SDKROOT = iphoneos;
				VALIDATE_PRODUCT = YES;
			};
			name = Release;
		};
		C63399201D21A941004ED3A5 /* Debug */ = {
			isa = XCBuildConfiguration;
			baseConfigurationReference = 2339C638AC635DAB59DA405F /* Pods-FastMath.debug.xcconfig */;
			buildSettings = {
				ASSETCATALOG_COMPILER_APPICON_NAME = AppIcon;
				INFOPLIST_FILE = FastMath/Info.plist;
				LD_RUNPATH_SEARCH_PATHS = "$(inherited) @executable_path/Frameworks";
				PRODUCT_BUNDLE_IDENTIFIER = self.jfiosdev.FastMath;
				PRODUCT_NAME = "$(TARGET_NAME)";
			};
			name = Debug;
		};
		C63399211D21A941004ED3A5 /* Release */ = {
			isa = XCBuildConfiguration;
			baseConfigurationReference = 2CAEBA8562DF6985A67DE856 /* Pods-FastMath.release.xcconfig */;
			buildSettings = {
				ASSETCATALOG_COMPILER_APPICON_NAME = AppIcon;
				INFOPLIST_FILE = FastMath/Info.plist;
				LD_RUNPATH_SEARCH_PATHS = "$(inherited) @executable_path/Frameworks";
				PRODUCT_BUNDLE_IDENTIFIER = self.jfiosdev.FastMath;
				PRODUCT_NAME = "$(TARGET_NAME)";
			};
			name = Release;
		};
		C63399231D21A941004ED3A5 /* Debug */ = {
			isa = XCBuildConfiguration;
			buildSettings = {
				BUNDLE_LOADER = "$(TEST_HOST)";
				INFOPLIST_FILE = FastMathTests/Info.plist;
				LD_RUNPATH_SEARCH_PATHS = "$(inherited) @executable_path/Frameworks @loader_path/Frameworks";
				PRODUCT_BUNDLE_IDENTIFIER = self.jfiosdev.FastMathTests;
				PRODUCT_NAME = "$(TARGET_NAME)";
				TEST_HOST = "$(BUILT_PRODUCTS_DIR)/FastMath.app/FastMath";
			};
			name = Debug;
		};
		C63399241D21A941004ED3A5 /* Release */ = {
			isa = XCBuildConfiguration;
			buildSettings = {
				BUNDLE_LOADER = "$(TEST_HOST)";
				INFOPLIST_FILE = FastMathTests/Info.plist;
				LD_RUNPATH_SEARCH_PATHS = "$(inherited) @executable_path/Frameworks @loader_path/Frameworks";
				PRODUCT_BUNDLE_IDENTIFIER = self.jfiosdev.FastMathTests;
				PRODUCT_NAME = "$(TARGET_NAME)";
				TEST_HOST = "$(BUILT_PRODUCTS_DIR)/FastMath.app/FastMath";
			};
			name = Release;
		};
		C63399261D21A941004ED3A5 /* Debug */ = {
			isa = XCBuildConfiguration;
			buildSettings = {
				INFOPLIST_FILE = FastMathUITests/Info.plist;
				LD_RUNPATH_SEARCH_PATHS = "$(inherited) @executable_path/Frameworks @loader_path/Frameworks";
				PRODUCT_BUNDLE_IDENTIFIER = self.jfiosdev.FastMathUITests;
				PRODUCT_NAME = "$(TARGET_NAME)";
				TEST_TARGET_NAME = FastMath;
			};
			name = Debug;
		};
		C63399271D21A941004ED3A5 /* Release */ = {
			isa = XCBuildConfiguration;
			buildSettings = {
				INFOPLIST_FILE = FastMathUITests/Info.plist;
				LD_RUNPATH_SEARCH_PATHS = "$(inherited) @executable_path/Frameworks @loader_path/Frameworks";
				PRODUCT_BUNDLE_IDENTIFIER = self.jfiosdev.FastMathUITests;
				PRODUCT_NAME = "$(TARGET_NAME)";
				TEST_TARGET_NAME = FastMath;
			};
			name = Release;
		};
/* End XCBuildConfiguration section */

/* Begin XCConfigurationList section */
		C63398F21D21A940004ED3A5 /* Build configuration list for PBXProject "FastMath" */ = {
			isa = XCConfigurationList;
			buildConfigurations = (
				C633991D1D21A941004ED3A5 /* Debug */,
				C633991E1D21A941004ED3A5 /* Release */,
			);
			defaultConfigurationIsVisible = 0;
			defaultConfigurationName = Release;
		};
		C633991F1D21A941004ED3A5 /* Build configuration list for PBXNativeTarget "FastMath" */ = {
			isa = XCConfigurationList;
			buildConfigurations = (
				C63399201D21A941004ED3A5 /* Debug */,
				C63399211D21A941004ED3A5 /* Release */,
			);
			defaultConfigurationIsVisible = 0;
			defaultConfigurationName = Release;
		};
		C63399221D21A941004ED3A5 /* Build configuration list for PBXNativeTarget "FastMathTests" */ = {
			isa = XCConfigurationList;
			buildConfigurations = (
				C63399231D21A941004ED3A5 /* Debug */,
				C63399241D21A941004ED3A5 /* Release */,
			);
			defaultConfigurationIsVisible = 0;
			defaultConfigurationName = Release;
		};
		C63399251D21A941004ED3A5 /* Build configuration list for PBXNativeTarget "FastMathUITests" */ = {
			isa = XCConfigurationList;
			buildConfigurations = (
				C63399261D21A941004ED3A5 /* Debug */,
				C63399271D21A941004ED3A5 /* Release */,
			);
			defaultConfigurationIsVisible = 0;
			defaultConfigurationName = Release;
		};
/* End XCConfigurationList section */
	};
	rootObject = C63398EF1D21A940004ED3A5 /* Project object */;
}
